{
  "name": "electron-react-boilerplate",
  "version": "2.3.0",
  "lockfileVersion": 2,
  "requires": true,
  "packages": {
    "": {
      "name": "electron-react-boilerplate",
      "version": "2.3.0",
      "hasInstallScript": true,
      "license": "MIT",
      "devDependencies": {
        "@types/papaparse": "^5.2.6"
      }
    },
    "node_modules/@types/node": {
      "version": "16.7.1",
      "resolved": "https://registry.npmjs.org/@types/node/-/node-16.7.1.tgz",
      "integrity": "sha512-ncRdc45SoYJ2H4eWU9ReDfp3vtFqDYhjOsKlFFUDEn8V1Bgr2RjYal8YT5byfadWIRluhPFU6JiDOl0H6Sl87A==",
      "dev": true
    },
    "node_modules/@types/papaparse": {
      "version": "5.2.6",
      "resolved": "https://registry.npmjs.org/@types/papaparse/-/papaparse-5.2.6.tgz",
      "integrity": "sha512-xGKSd0UTn58N1h0+zf8mW863Rv8BvXcGibEgKFtBIXZlcDXAmX/T4RdDO2mwmrmOypUDt5vRgo2v32a78JdqUA==",
      "dev": true,
      "dependencies": {
        "@types/node": "*"
      }
    }
  },
  "dependencies": {
    "@types/node": {
      "version": "16.7.1",
      "resolved": "https://registry.npmjs.org/@types/node/-/node-16.7.1.tgz",
      "integrity": "sha512-ncRdc45SoYJ2H4eWU9ReDfp3vtFqDYhjOsKlFFUDEn8V1Bgr2RjYal8YT5byfadWIRluhPFU6JiDOl0H6Sl87A==",
      "dev": true
    },
    "@types/papaparse": {
      "version": "5.2.6",
      "resolved": "https://registry.npmjs.org/@types/papaparse/-/papaparse-5.2.6.tgz",
      "integrity": "sha512-xGKSd0UTn58N1h0+zf8mW863Rv8BvXcGibEgKFtBIXZlcDXAmX/T4RdDO2mwmrmOypUDt5vRgo2v32a78JdqUA==",
      "dev": true,
      "requires": {
        "@types/node": "*"
      }
    }
  }
}
